
Microsoft Visual Studio Solution File, Format Version 12.00
# Visual Studio Version 17
VisualStudioVersion = 17.7.34031.279
MinimumVisualStudioVersion = 10.0.40219.1
Project("{FAE04EC0-301F-11D3-BF4B-00C04F79EFBC}") = "ConsoleApp2", "ConsoleApp2\ConsoleApp2.csproj", "{663E829D-A363-4CA4-BBDF-00622B0BE3ED}"
EndProject
Global
	GlobalSection(SolutionConfigurationPlatforms) = preSolution
		Debug|Any CPU = Debug|Any CPU
		Release|Any CPU = Release|Any CPU
	EndGlobalSection
	GlobalSection(ProjectConfigurationPlatforms) = postSolution
		{663E829D-A363-4CA4-BBDF-00622B0BE3ED}.Debug|Any CPU.ActiveCfg = Debug|Any CPU
		{663E829D-A363-4CA4-BBDF-00622B0BE3ED}.Debug|Any CPU.Build.0 = Debug|Any CPU
		{663E829D-A363-4CA4-BBDF-00622B0BE3ED}.Release|Any CPU.ActiveCfg = Release|Any CPU
		{663E829D-A363-4CA4-BBDF-00622B0BE3ED}.Release|Any CPU.Build.0 = Release|Any CPU
	EndGlobalSection
	GlobalSection(SolutionProperties) = preSolution
		HideSolutionNode = FALSE
	EndGlobalSection
	GlobalSection(ExtensibilityGlobals) = postSolution
		SolutionGuid = {A5DB5482-6714-46DB-8440-6F36A1D111CD}
	EndGlobalSection
EndGlobal
